
Microsoft Visual Studio Solution File, Format Version 12.00
# Visual Studio 15
VisualStudioVersion = 15.0.27428.1
MinimumVisualStudioVersion = 10.0.40219.1
Project("{FAE04EC0-301F-11D3-BF4B-00C04F79EFBC}") = "z2-1-2", "z2-1-2\z2-1-2.csproj", "{7544F3FA-2BBA-4EBC-A935-18BC2B08CF8E}"
EndProject
Global
	GlobalSection(SolutionConfigurationPlatforms) = preSolution
		Debug|Any CPU = Debug|Any CPU
		Release|Any CPU = Release|Any CPU
	EndGlobalSection
	GlobalSection(ProjectConfigurationPlatforms) = postSolution
		{7544F3FA-2BBA-4EBC-A935-18BC2B08CF8E}.Debug|Any CPU.ActiveCfg = Debug|Any CPU
		{7544F3FA-2BBA-4EBC-A935-18BC2B08CF8E}.Debug|Any CPU.Build.0 = Debug|Any CPU
		{7544F3FA-2BBA-4EBC-A935-18BC2B08CF8E}.Release|Any CPU.ActiveCfg = Release|Any CPU
		{7544F3FA-2BBA-4EBC-A935-18BC2B08CF8E}.Release|Any CPU.Build.0 = Release|Any CPU
	EndGlobalSection
	GlobalSection(SolutionProperties) = preSolution
		HideSolutionNode = FALSE
	EndGlobalSection
	GlobalSection(ExtensibilityGlobals) = postSolution
		SolutionGuid = {8D5C6CF9-731C-4F30-9A17-295DD9F9B902}
	EndGlobalSection
EndGlobal
