
Microsoft Visual Studio Solution File, Format Version 12.00
# Visual Studio 15
VisualStudioVersion = 15.0.27428.1
MinimumVisualStudioVersion = 10.0.40219.1
Project("{FAE04EC0-301F-11D3-BF4B-00C04F79EFBC}") = "z2-3-4", "z2-3-4\z2-3-4.csproj", "{566A9771-6B71-4B7D-906D-1136C1AF1AD5}"
EndProject
Global
	GlobalSection(SolutionConfigurationPlatforms) = preSolution
		Debug|Any CPU = Debug|Any CPU
		Release|Any CPU = Release|Any CPU
	EndGlobalSection
	GlobalSection(ProjectConfigurationPlatforms) = postSolution
		{566A9771-6B71-4B7D-906D-1136C1AF1AD5}.Debug|Any CPU.ActiveCfg = Debug|Any CPU
		{566A9771-6B71-4B7D-906D-1136C1AF1AD5}.Debug|Any CPU.Build.0 = Debug|Any CPU
		{566A9771-6B71-4B7D-906D-1136C1AF1AD5}.Release|Any CPU.ActiveCfg = Release|Any CPU
		{566A9771-6B71-4B7D-906D-1136C1AF1AD5}.Release|Any CPU.Build.0 = Release|Any CPU
	EndGlobalSection
	GlobalSection(SolutionProperties) = preSolution
		HideSolutionNode = FALSE
	EndGlobalSection
	GlobalSection(ExtensibilityGlobals) = postSolution
		SolutionGuid = {D412AF79-6574-4FE7-94A9-29B7CA2980CD}
	EndGlobalSection
EndGlobal
